
Microsoft Visual Studio Solution File, Format Version 12.00
# Visual Studio 15
VisualStudioVersion = 15.0.28307.106
MinimumVisualStudioVersion = 10.0.40219.1
Project("{FAE04EC0-301F-11D3-BF4B-00C04F79EFBC}") = "PupppeterSharpAspNetFrameworkSample", "PupppeterSharpAspNetFrameworkSample\PupppeterSharpAspNetFrameworkSample.csproj", "{D9F539A2-64E9-4E43-965F-F85002E4C617}"
EndProject
Project("{9A19103F-16F7-4668-BE54-9A1E7A4F7556}") = "PuppeteerSharp", "..\..\lib\PuppeteerSharp\PuppeteerSharp.csproj", "{18E510C8-0C30-46F9-9D1D-C5F0138EFAD8}"
EndProject
Project("{FAE04EC0-301F-11D3-BF4B-00C04F79EFBC}") = "PuppeteerSharp.AspNetFramework", "..\..\lib\PuppeteerSharp.AspNetFramework\PuppeteerSharp.AspNetFramework.csproj", "{4B1A22F5-5AFC-4A29-975E-42D9B377D933}"
EndProject
Global
	GlobalSection(SolutionConfigurationPlatforms) = preSolution
		Debug|Any CPU = Debug|Any CPU
		Release|Any CPU = Release|Any CPU
	EndGlobalSection
	GlobalSection(ProjectConfigurationPlatforms) = postSolution
		{D9F539A2-64E9-4E43-965F-F85002E4C617}.Debug|Any CPU.ActiveCfg = Debug|Any CPU
		{D9F539A2-64E9-4E43-965F-F85002E4C617}.Debug|Any CPU.Build.0 = Debug|Any CPU
		{D9F539A2-64E9-4E43-965F-F85002E4C617}.Release|Any CPU.ActiveCfg = Release|Any CPU
		{D9F539A2-64E9-4E43-965F-F85002E4C617}.Release|Any CPU.Build.0 = Release|Any CPU
		{18E510C8-0C30-46F9-9D1D-C5F0138EFAD8}.Debug|Any CPU.ActiveCfg = Debug|Any CPU
		{18E510C8-0C30-46F9-9D1D-C5F0138EFAD8}.Debug|Any CPU.Build.0 = Debug|Any CPU
		{18E510C8-0C30-46F9-9D1D-C5F0138EFAD8}.Release|Any CPU.ActiveCfg = Release|Any CPU
		{18E510C8-0C30-46F9-9D1D-C5F0138EFAD8}.Release|Any CPU.Build.0 = Release|Any CPU
		{4B1A22F5-5AFC-4A29-975E-42D9B377D933}.Debug|Any CPU.ActiveCfg = Debug|Any CPU
		{4B1A22F5-5AFC-4A29-975E-42D9B377D933}.Debug|Any CPU.Build.0 = Debug|Any CPU
		{4B1A22F5-5AFC-4A29-975E-42D9B377D933}.Release|Any CPU.ActiveCfg = Release|Any CPU
		{4B1A22F5-5AFC-4A29-975E-42D9B377D933}.Release|Any CPU.Build.0 = Release|Any CPU
	EndGlobalSection
	GlobalSection(SolutionProperties) = preSolution
		HideSolutionNode = FALSE
	EndGlobalSection
	GlobalSection(ExtensibilityGlobals) = postSolution
		SolutionGuid = {CF0D9E58-95DC-40E6-A26E-1CCE14198F2D}
	EndGlobalSection
EndGlobal
