Microsoft Visual Studio Solution File, Format Version 12.00
# Visual Studio Version 17
VisualStudioVersion = 17.5.33502.453
MinimumVisualStudioVersion = 10.0.40219.1
Project("{9A19103F-16F7-4668-BE54-9A1E7A4F7556}") = "CefSharp.Dom", "PuppeteerSharp\CefSharp.Dom.csproj", "{19B9B1ED-AF6C-4DAF-8B73-401570111F88}"
EndProject
Project("{9A19103F-16F7-4668-BE54-9A1E7A4F7556}") = "CefSharp.Dom.Tests", "PuppeteerSharp.Tests\CefSharp.Dom.Tests.csproj", "{1682289E-5ED3-405F-8ABC-01A3ED58CBC6}"
EndProject
Project("{9A19103F-16F7-4668-BE54-9A1E7A4F7556}") = "CefSharp.Dom.TestServer", "PuppeteerSharp.TestServer\CefSharp.Dom.TestServer.csproj", "{0CC393AB-10C2-4CDB-8353-78924D3DD5D3}"
EndProject
Project("{9A19103F-16F7-4668-BE54-9A1E7A4F7556}") = "CefSharp.Dom.DevicesFetcher", "PuppeteerSharp.DevicesFetcher\CefSharp.Dom.DevicesFetcher.csproj", "{A500694A-3649-4474-BC71-C835FA19B865}"
EndProject
Project("{2150E333-8FDC-42A3-9474-1A3956D46DE8}") = "Solution Items", "Solution Items", "{5993B99D-AC7B-4D6F-832C-6784D7EFE9B3}"
	ProjectSection(SolutionItems) = preProject
		.editorconfig = .editorconfig
		CefSharp.Dom.ruleset = CefSharp.Dom.ruleset
		..\Directory.Build.props = ..\Directory.Build.props
		..\README.md = ..\README.md
		Common\SignAssembly.props = Common\SignAssembly.props
	EndProjectSection
EndProject
Project("{9A19103F-16F7-4668-BE54-9A1E7A4F7556}") = "CefSharp.Dom.Xunit", "PuppeteerSharp.Xunit\CefSharp.Dom.Xunit.csproj", "{EE53767C-D321-4BCF-B372-57949F38AB40}"
EndProject
Project("{9A19103F-16F7-4668-BE54-9A1E7A4F7556}") = "CefSharp.Dom.Wpf.Example", "CefSharp.Dom.Wpf.Example\CefSharp.Dom.Wpf.Example.csproj", "{D9163132-1A78-40A8-9E39-F2C74FB29353}"
EndProject
Project("{9A19103F-16F7-4668-BE54-9A1E7A4F7556}") = "CefSharp.Dom.WinForms.Example", "CefSharp.Dom.WinForms.Example\CefSharp.Dom.WinForms.Example.csproj", "{1D1D63D1-5257-4AA0-A284-7EF4574878CB}"
EndProject
Global
	GlobalSection(SolutionConfigurationPlatforms) = preSolution
		Debug|Any CPU = Debug|Any CPU
		Debug|x64 = Debug|x64
		Debug|x86 = Debug|x86
		Release|Any CPU = Release|Any CPU
		Release|x64 = Release|x64
		Release|x86 = Release|x86
	EndGlobalSection
	GlobalSection(ProjectConfigurationPlatforms) = postSolution
		{19B9B1ED-AF6C-4DAF-8B73-401570111F88}.Debug|Any CPU.ActiveCfg = Debug|Any CPU
		{19B9B1ED-AF6C-4DAF-8B73-401570111F88}.Debug|Any CPU.Build.0 = Debug|Any CPU
		{19B9B1ED-AF6C-4DAF-8B73-401570111F88}.Debug|x64.ActiveCfg = Debug|Any CPU
		{19B9B1ED-AF6C-4DAF-8B73-401570111F88}.Debug|x64.Build.0 = Debug|Any CPU
		{19B9B1ED-AF6C-4DAF-8B73-401570111F88}.Debug|x86.ActiveCfg = Debug|Any CPU
		{19B9B1ED-AF6C-4DAF-8B73-401570111F88}.Debug|x86.Build.0 = Debug|Any CPU
		{19B9B1ED-AF6C-4DAF-8B73-401570111F88}.Release|Any CPU.ActiveCfg = Release|Any CPU
		{19B9B1ED-AF6C-4DAF-8B73-401570111F88}.Release|Any CPU.Build.0 = Release|Any CPU
		{19B9B1ED-AF6C-4DAF-8B73-401570111F88}.Release|x64.ActiveCfg = Release|Any CPU
		{19B9B1ED-AF6C-4DAF-8B73-401570111F88}.Release|x64.Build.0 = Release|Any CPU
		{19B9B1ED-AF6C-4DAF-8B73-401570111F88}.Release|x86.ActiveCfg = Release|Any CPU
		{19B9B1ED-AF6C-4DAF-8B73-401570111F88}.Release|x86.Build.0 = Release|Any CPU
		{1682289E-5ED3-405F-8ABC-01A3ED58CBC6}.Debug|Any CPU.ActiveCfg = Debug|Any CPU
		{1682289E-5ED3-405F-8ABC-01A3ED58CBC6}.Debug|Any CPU.Build.0 = Debug|Any CPU
		{1682289E-5ED3-405F-8ABC-01A3ED58CBC6}.Debug|x64.ActiveCfg = Debug|Any CPU
		{1682289E-5ED3-405F-8ABC-01A3ED58CBC6}.Debug|x64.Build.0 = Debug|Any CPU
		{1682289E-5ED3-405F-8ABC-01A3ED58CBC6}.Debug|x86.ActiveCfg = Debug|Any CPU
		{1682289E-5ED3-405F-8ABC-01A3ED58CBC6}.Debug|x86.Build.0 = Debug|Any CPU
		{1682289E-5ED3-405F-8ABC-01A3ED58CBC6}.Release|Any CPU.ActiveCfg = Release|Any CPU
		{1682289E-5ED3-405F-8ABC-01A3ED58CBC6}.Release|Any CPU.Build.0 = Release|Any CPU
		{1682289E-5ED3-405F-8ABC-01A3ED58CBC6}.Release|x64.ActiveCfg = Release|Any CPU
		{1682289E-5ED3-405F-8ABC-01A3ED58CBC6}.Release|x64.Build.0 = Release|Any CPU
		{1682289E-5ED3-405F-8ABC-01A3ED58CBC6}.Release|x86.ActiveCfg = Release|Any CPU
		{1682289E-5ED3-405F-8ABC-01A3ED58CBC6}.Release|x86.Build.0 = Release|Any CPU
		{0CC393AB-10C2-4CDB-8353-78924D3DD5D3}.Debug|Any CPU.ActiveCfg = Debug|Any CPU
		{0CC393AB-10C2-4CDB-8353-78924D3DD5D3}.Debug|Any CPU.Build.0 = Debug|Any CPU
		{0CC393AB-10C2-4CDB-8353-78924D3DD5D3}.Debug|x64.ActiveCfg = Debug|Any CPU
		{0CC393AB-10C2-4CDB-8353-78924D3DD5D3}.Debug|x64.Build.0 = Debug|Any CPU
		{0CC393AB-10C2-4CDB-8353-78924D3DD5D3}.Debug|x86.ActiveCfg = Debug|Any CPU
		{0CC393AB-10C2-4CDB-8353-78924D3DD5D3}.Debug|x86.Build.0 = Debug|Any CPU
		{0CC393AB-10C2-4CDB-8353-78924D3DD5D3}.Release|Any CPU.ActiveCfg = Release|Any CPU
		{0CC393AB-10C2-4CDB-8353-78924D3DD5D3}.Release|Any CPU.Build.0 = Release|Any CPU
		{0CC393AB-10C2-4CDB-8353-78924D3DD5D3}.Release|x64.ActiveCfg = Release|Any CPU
		{0CC393AB-10C2-4CDB-8353-78924D3DD5D3}.Release|x64.Build.0 = Release|Any CPU
		{0CC393AB-10C2-4CDB-8353-78924D3DD5D3}.Release|x86.ActiveCfg = Release|Any CPU
		{0CC393AB-10C2-4CDB-8353-78924D3DD5D3}.Release|x86.Build.0 = Release|Any CPU
		{A500694A-3649-4474-BC71-C835FA19B865}.Debug|Any CPU.ActiveCfg = Debug|Any CPU
		{A500694A-3649-4474-BC71-C835FA19B865}.Debug|Any CPU.Build.0 = Debug|Any CPU
		{A500694A-3649-4474-BC71-C835FA19B865}.Debug|x64.ActiveCfg = Debug|Any CPU
		{A500694A-3649-4474-BC71-C835FA19B865}.Debug|x64.Build.0 = Debug|Any CPU
		{A500694A-3649-4474-BC71-C835FA19B865}.Debug|x86.ActiveCfg = Debug|Any CPU
		{A500694A-3649-4474-BC71-C835FA19B865}.Debug|x86.Build.0 = Debug|Any CPU
		{A500694A-3649-4474-BC71-C835FA19B865}.Release|Any CPU.ActiveCfg = Release|Any CPU
		{A500694A-3649-4474-BC71-C835FA19B865}.Release|Any CPU.Build.0 = Release|Any CPU
		{A500694A-3649-4474-BC71-C835FA19B865}.Release|x64.ActiveCfg = Release|Any CPU
		{A500694A-3649-4474-BC71-C835FA19B865}.Release|x64.Build.0 = Release|Any CPU
		{A500694A-3649-4474-BC71-C835FA19B865}.Release|x86.ActiveCfg = Release|Any CPU
		{A500694A-3649-4474-BC71-C835FA19B865}.Release|x86.Build.0 = Release|Any CPU
		{EE53767C-D321-4BCF-B372-57949F38AB40}.Debug|Any CPU.ActiveCfg = Debug|Any CPU
		{EE53767C-D321-4BCF-B372-57949F38AB40}.Debug|Any CPU.Build.0 = Debug|Any CPU
		{EE53767C-D321-4BCF-B372-57949F38AB40}.Debug|x64.ActiveCfg = Debug|Any CPU
		{EE53767C-D321-4BCF-B372-57949F38AB40}.Debug|x64.Build.0 = Debug|Any CPU
		{EE53767C-D321-4BCF-B372-57949F38AB40}.Debug|x86.ActiveCfg = Debug|Any CPU
		{EE53767C-D321-4BCF-B372-57949F38AB40}.Debug|x86.Build.0 = Debug|Any CPU
		{EE53767C-D321-4BCF-B372-57949F38AB40}.Release|Any CPU.ActiveCfg = Release|Any CPU
		{EE53767C-D321-4BCF-B372-57949F38AB40}.Release|Any CPU.Build.0 = Release|Any CPU
		{EE53767C-D321-4BCF-B372-57949F38AB40}.Release|x64.ActiveCfg = Release|Any CPU
		{EE53767C-D321-4BCF-B372-57949F38AB40}.Release|x64.Build.0 = Release|Any CPU
		{EE53767C-D321-4BCF-B372-57949F38AB40}.Release|x86.ActiveCfg = Release|Any CPU
		{EE53767C-D321-4BCF-B372-57949F38AB40}.Release|x86.Build.0 = Release|Any CPU
		{D9163132-1A78-40A8-9E39-F2C74FB29353}.Debug|Any CPU.ActiveCfg = Debug|Any CPU
		{D9163132-1A78-40A8-9E39-F2C74FB29353}.Debug|Any CPU.Build.0 = Debug|Any CPU
		{D9163132-1A78-40A8-9E39-F2C74FB29353}.Debug|x64.ActiveCfg = Debug|Any CPU
		{D9163132-1A78-40A8-9E39-F2C74FB29353}.Debug|x64.Build.0 = Debug|Any CPU
		{D9163132-1A78-40A8-9E39-F2C74FB29353}.Debug|x86.ActiveCfg = Debug|Any CPU
		{D9163132-1A78-40A8-9E39-F2C74FB29353}.Debug|x86.Build.0 = Debug|Any CPU
		{D9163132-1A78-40A8-9E39-F2C74FB29353}.Release|Any CPU.ActiveCfg = Release|Any CPU
		{D9163132-1A78-40A8-9E39-F2C74FB29353}.Release|Any CPU.Build.0 = Release|Any CPU
		{D9163132-1A78-40A8-9E39-F2C74FB29353}.Release|x64.ActiveCfg = Release|Any CPU
		{D9163132-1A78-40A8-9E39-F2C74FB29353}.Release|x64.Build.0 = Release|Any CPU
		{D9163132-1A78-40A8-9E39-F2C74FB29353}.Release|x86.ActiveCfg = Release|Any CPU
		{D9163132-1A78-40A8-9E39-F2C74FB29353}.Release|x86.Build.0 = Release|Any CPU
		{1D1D63D1-5257-4AA0-A284-7EF4574878CB}.Debug|Any CPU.ActiveCfg = Debug|Any CPU
		{1D1D63D1-5257-4AA0-A284-7EF4574878CB}.Debug|Any CPU.Build.0 = Debug|Any CPU
		{1D1D63D1-5257-4AA0-A284-7EF4574878CB}.Debug|x64.ActiveCfg = Debug|x64
		{1D1D63D1-5257-4AA0-A284-7EF4574878CB}.Debug|x64.Build.0 = Debug|x64
		{1D1D63D1-5257-4AA0-A284-7EF4574878CB}.Debug|x86.ActiveCfg = Debug|x86
		{1D1D63D1-5257-4AA0-A284-7EF4574878CB}.Debug|x86.Build.0 = Debug|x86
		{1D1D63D1-5257-4AA0-A284-7EF4574878CB}.Release|Any CPU.ActiveCfg = Release|Any CPU
		{1D1D63D1-5257-4AA0-A284-7EF4574878CB}.Release|Any CPU.Build.0 = Release|Any CPU
		{1D1D63D1-5257-4AA0-A284-7EF4574878CB}.Release|x64.ActiveCfg = Release|x64
		{1D1D63D1-5257-4AA0-A284-7EF4574878CB}.Release|x64.Build.0 = Release|x64
		{1D1D63D1-5257-4AA0-A284-7EF4574878CB}.Release|x86.ActiveCfg = Release|x86
		{1D1D63D1-5257-4AA0-A284-7EF4574878CB}.Release|x86.Build.0 = Release|x86
	EndGlobalSection
	GlobalSection(SolutionProperties) = preSolution
		HideSolutionNode = FALSE
	EndGlobalSection
	GlobalSection(ExtensibilityGlobals) = postSolution
		SolutionGuid = {F9F7978B-89C0-4A54-8D80-A1E93E401D4C}
	EndGlobalSection
	GlobalSection(MonoDevelopProperties) = preSolution
		Policies = $0
		$0.DotNetNamingPolicy = $1
		$1.DirectoryNamespaceAssociation = PrefixedHierarchical
	EndGlobalSection
EndGlobal
