Microsoft Visual Studio Solution File, Format Version 12.00
# Visual Studio 15
VisualStudioVersion = 15.0.27703.2035
MinimumVisualStudioVersion = 10.0.40219.1
Project("{FAE04EC0-301F-11D3-BF4B-00C04F79EFBC}") = "PuppeteerSharp", "PuppeteerSharp\PuppeteerSharp.csproj", "{19B9B1ED-AF6C-4DAF-8B73-401570111F88}"
EndProject
Project("{FAE04EC0-301F-11D3-BF4B-00C04F79EFBC}") = "PuppeteerSharp.Tests", "PuppeteerSharp.Tests\PuppeteerSharp.Tests.csproj", "{1682289E-5ED3-405F-8ABC-01A3ED58CBC6}"
EndProject
Project("{FAE04EC0-301F-11D3-BF4B-00C04F79EFBC}") = "PuppeteerSharp.TestServer", "PuppeteerSharp.TestServer\PuppeteerSharp.TestServer.csproj", "{0CC393AB-10C2-4CDB-8353-78924D3DD5D3}"
EndProject
Project("{FAE04EC0-301F-11D3-BF4B-00C04F79EFBC}") = "PuppeteerSharp.Tests.DumpIO", "PuppeteerSharp.Tests.DumpIO\PuppeteerSharp.Tests.DumpIO.csproj", "{B1892212-CEE3-4DC3-ADB8-04A2D9A081A0}"
EndProject
Project("{FAE04EC0-301F-11D3-BF4B-00C04F79EFBC}") = "PuppeteerSharp.Tests.CloseMe", "PuppeteerSharp.Tests.CloseMe\PuppeteerSharp.Tests.CloseMe.csproj", "{B1B0358F-88A2-4038-9974-7850D906C76B}"
EndProject
Project("{FAE04EC0-301F-11D3-BF4B-00C04F79EFBC}") = "PuppeteerSharp.DevicesFetcher", "PuppeteerSharp.DevicesFetcher\PuppeteerSharp.DevicesFetcher.csproj", "{A500694A-3649-4474-BC71-C835FA19B865}"
EndProject
Global
	GlobalSection(SolutionConfigurationPlatforms) = preSolution
		Debug|Any CPU = Debug|Any CPU
		Release|Any CPU = Release|Any CPU
	EndGlobalSection
	GlobalSection(ProjectConfigurationPlatforms) = postSolution
		{19B9B1ED-AF6C-4DAF-8B73-401570111F88}.Debug|Any CPU.ActiveCfg = Debug|Any CPU
		{19B9B1ED-AF6C-4DAF-8B73-401570111F88}.Debug|Any CPU.Build.0 = Debug|Any CPU
		{19B9B1ED-AF6C-4DAF-8B73-401570111F88}.Release|Any CPU.ActiveCfg = Release|Any CPU
		{19B9B1ED-AF6C-4DAF-8B73-401570111F88}.Release|Any CPU.Build.0 = Release|Any CPU
		{1682289E-5ED3-405F-8ABC-01A3ED58CBC6}.Debug|Any CPU.ActiveCfg = Debug|Any CPU
		{1682289E-5ED3-405F-8ABC-01A3ED58CBC6}.Debug|Any CPU.Build.0 = Debug|Any CPU
		{1682289E-5ED3-405F-8ABC-01A3ED58CBC6}.Release|Any CPU.ActiveCfg = Release|Any CPU
		{1682289E-5ED3-405F-8ABC-01A3ED58CBC6}.Release|Any CPU.Build.0 = Release|Any CPU
		{0CC393AB-10C2-4CDB-8353-78924D3DD5D3}.Debug|Any CPU.ActiveCfg = Debug|Any CPU
		{0CC393AB-10C2-4CDB-8353-78924D3DD5D3}.Debug|Any CPU.Build.0 = Debug|Any CPU
		{0CC393AB-10C2-4CDB-8353-78924D3DD5D3}.Release|Any CPU.ActiveCfg = Release|Any CPU
		{0CC393AB-10C2-4CDB-8353-78924D3DD5D3}.Release|Any CPU.Build.0 = Release|Any CPU
		{B1892212-CEE3-4DC3-ADB8-04A2D9A081A0}.Debug|Any CPU.ActiveCfg = Debug|Any CPU
		{B1892212-CEE3-4DC3-ADB8-04A2D9A081A0}.Debug|Any CPU.Build.0 = Debug|Any CPU
		{B1892212-CEE3-4DC3-ADB8-04A2D9A081A0}.Release|Any CPU.ActiveCfg = Release|Any CPU
		{B1892212-CEE3-4DC3-ADB8-04A2D9A081A0}.Release|Any CPU.Build.0 = Release|Any CPU
		{B1B0358F-88A2-4038-9974-7850D906C76B}.Debug|Any CPU.ActiveCfg = Debug|Any CPU
		{B1B0358F-88A2-4038-9974-7850D906C76B}.Debug|Any CPU.Build.0 = Debug|Any CPU
		{B1B0358F-88A2-4038-9974-7850D906C76B}.Release|Any CPU.ActiveCfg = Release|Any CPU
		{B1B0358F-88A2-4038-9974-7850D906C76B}.Release|Any CPU.Build.0 = Release|Any CPU
		{A500694A-3649-4474-BC71-C835FA19B865}.Debug|Any CPU.ActiveCfg = Debug|Any CPU
		{A500694A-3649-4474-BC71-C835FA19B865}.Debug|Any CPU.Build.0 = Debug|Any CPU
		{A500694A-3649-4474-BC71-C835FA19B865}.Release|Any CPU.ActiveCfg = Release|Any CPU
		{A500694A-3649-4474-BC71-C835FA19B865}.Release|Any CPU.Build.0 = Release|Any CPU
	EndGlobalSection
	GlobalSection(SolutionProperties) = preSolution
		HideSolutionNode = FALSE
	EndGlobalSection
	GlobalSection(ExtensibilityGlobals) = postSolution
		SolutionGuid = {F9F7978B-89C0-4A54-8D80-A1E93E401D4C}
	EndGlobalSection
	GlobalSection(ExtensibilityGlobals) = postSolution
		SolutionGuid = {F9F7978B-89C0-4A54-8D80-A1E93E401D4C}
	EndGlobalSection
	GlobalSection(MonoDevelopProperties) = preSolution
		Policies = $0
		$0.DotNetNamingPolicy = $1
		$1.DirectoryNamespaceAssociation = PrefixedHierarchical
	EndGlobalSection
EndGlobal
