
Microsoft Visual Studio Solution File, Format Version 12.00
# Visual Studio 15
VisualStudioVersion = 15.0.27130.2036
MinimumVisualStudioVersion = 10.0.40219.1
Project("{FAE04EC0-301F-11D3-BF4B-00C04F79EFBC}") = "PuppeteerSharpPdfDemo-Local", "PuppeteerSharpPdfDemo\PuppeteerSharpPdfDemo-Local.csproj", "{1B8CE751-9762-45DD-8AEC-A6C1D74A7730}"
EndProject
Project("{FAE04EC0-301F-11D3-BF4B-00C04F79EFBC}") = "PuppeteerSharp", "..\lib\PuppeteerSharp\PuppeteerSharp.csproj", "{4BA6F28A-EFF2-4B43-9B5A-86333DC64C64}"
EndProject
Global
	GlobalSection(SolutionConfigurationPlatforms) = preSolution
		Debug|Any CPU = Debug|Any CPU
		Release|Any CPU = Release|Any CPU
	EndGlobalSection
	GlobalSection(ProjectConfigurationPlatforms) = postSolution
		{1B8CE751-9762-45DD-8AEC-A6C1D74A7730}.Debug|Any CPU.ActiveCfg = Debug|Any CPU
		{1B8CE751-9762-45DD-8AEC-A6C1D74A7730}.Debug|Any CPU.Build.0 = Debug|Any CPU
		{1B8CE751-9762-45DD-8AEC-A6C1D74A7730}.Release|Any CPU.ActiveCfg = Release|Any CPU
		{1B8CE751-9762-45DD-8AEC-A6C1D74A7730}.Release|Any CPU.Build.0 = Release|Any CPU
		{4BA6F28A-EFF2-4B43-9B5A-86333DC64C64}.Debug|Any CPU.ActiveCfg = Debug|Any CPU
		{4BA6F28A-EFF2-4B43-9B5A-86333DC64C64}.Debug|Any CPU.Build.0 = Debug|Any CPU
		{4BA6F28A-EFF2-4B43-9B5A-86333DC64C64}.Release|Any CPU.ActiveCfg = Release|Any CPU
		{4BA6F28A-EFF2-4B43-9B5A-86333DC64C64}.Release|Any CPU.Build.0 = Release|Any CPU
	EndGlobalSection
	GlobalSection(SolutionProperties) = preSolution
		HideSolutionNode = FALSE
	EndGlobalSection
	GlobalSection(ExtensibilityGlobals) = postSolution
		SolutionGuid = {7C1E8495-E1E4-426D-B28C-E0C0C5824B9C}
	EndGlobalSection
EndGlobal
